
Microsoft Visual Studio Solution File, Format Version 12.00
# Visual Studio 2013
VisualStudioVersion = 12.0.31101.0
MinimumVisualStudioVersion = 10.0.40219.1
Project("{FAE04EC0-301F-11D3-BF4B-00C04F79EFBC}") = "Kassandra.Core", "Kassandra.Core\Kassandra.Core.csproj", "{BC95C71E-B98F-40B3-9FD4-AD57DA921335}"
EndProject
Project("{2150E333-8FDC-42A3-9474-1A3956D46DE8}") = ".nuget", ".nuget", "{9A15D0A7-6857-4988-B357-B3874AE84BCC}"
	ProjectSection(SolutionItems) = preProject
		.nuget\NuGet.Config = .nuget\NuGet.Config
		.nuget\NuGet.exe = .nuget\NuGet.exe
		.nuget\NuGet.targets = .nuget\NuGet.targets
	EndProjectSection
EndProject
Project("{FAE04EC0-301F-11D3-BF4B-00C04F79EFBC}") = "Kassandra.Connector.Sql", "Kassandra.Connector.Sql\Kassandra.Connector.Sql.csproj", "{F5A3E5B5-C904-4EEA-949D-6D846C88B268}"
EndProject
Project("{FAE04EC0-301F-11D3-BF4B-00C04F79EFBC}") = "Kassandra.Connector.Sql.Test", "Kassandra.Connector.Sql.Test\Kassandra.Connector.Sql.Test.csproj", "{07726572-362F-49FB-B416-695116BC0FE4}"
EndProject
Project("{2150E333-8FDC-42A3-9474-1A3956D46DE8}") = "Test", "Test", "{9F2EAC30-71C4-4F7C-BDD8-D1E8D1A65BB5}"
EndProject
Project("{FAE04EC0-301F-11D3-BF4B-00C04F79EFBC}") = "Kassandra.Users.Core", "Kassandra.Users.Core\Kassandra.Users.Core.csproj", "{BA510B60-6298-41AA-8B5C-83D3671F5A57}"
EndProject
Project("{FAE04EC0-301F-11D3-BF4B-00C04F79EFBC}") = "Kassandra.Users.Sql", "Kassandra.Users.Sql\Kassandra.Users.Sql.csproj", "{5DDF9776-8A51-4658-9D70-811BC946D619}"
EndProject
Project("{2150E333-8FDC-42A3-9474-1A3956D46DE8}") = "Kassandra.Users", "Kassandra.Users", "{760F97BB-4848-4D79-8A71-197678E88999}"
EndProject
Global
	GlobalSection(SolutionConfigurationPlatforms) = preSolution
		Debug|Any CPU = Debug|Any CPU
		Release|Any CPU = Release|Any CPU
	EndGlobalSection
	GlobalSection(ProjectConfigurationPlatforms) = postSolution
		{BC95C71E-B98F-40B3-9FD4-AD57DA921335}.Debug|Any CPU.ActiveCfg = Debug|Any CPU
		{BC95C71E-B98F-40B3-9FD4-AD57DA921335}.Debug|Any CPU.Build.0 = Debug|Any CPU
		{BC95C71E-B98F-40B3-9FD4-AD57DA921335}.Release|Any CPU.ActiveCfg = Release|Any CPU
		{BC95C71E-B98F-40B3-9FD4-AD57DA921335}.Release|Any CPU.Build.0 = Release|Any CPU
		{F5A3E5B5-C904-4EEA-949D-6D846C88B268}.Debug|Any CPU.ActiveCfg = Debug|Any CPU
		{F5A3E5B5-C904-4EEA-949D-6D846C88B268}.Debug|Any CPU.Build.0 = Debug|Any CPU
		{F5A3E5B5-C904-4EEA-949D-6D846C88B268}.Release|Any CPU.ActiveCfg = Release|Any CPU
		{F5A3E5B5-C904-4EEA-949D-6D846C88B268}.Release|Any CPU.Build.0 = Release|Any CPU
		{07726572-362F-49FB-B416-695116BC0FE4}.Debug|Any CPU.ActiveCfg = Debug|Any CPU
		{07726572-362F-49FB-B416-695116BC0FE4}.Debug|Any CPU.Build.0 = Debug|Any CPU
		{07726572-362F-49FB-B416-695116BC0FE4}.Release|Any CPU.ActiveCfg = Release|Any CPU
		{07726572-362F-49FB-B416-695116BC0FE4}.Release|Any CPU.Build.0 = Release|Any CPU
		{BA510B60-6298-41AA-8B5C-83D3671F5A57}.Debug|Any CPU.ActiveCfg = Debug|Any CPU
		{BA510B60-6298-41AA-8B5C-83D3671F5A57}.Debug|Any CPU.Build.0 = Debug|Any CPU
		{BA510B60-6298-41AA-8B5C-83D3671F5A57}.Release|Any CPU.ActiveCfg = Release|Any CPU
		{BA510B60-6298-41AA-8B5C-83D3671F5A57}.Release|Any CPU.Build.0 = Release|Any CPU
		{5DDF9776-8A51-4658-9D70-811BC946D619}.Debug|Any CPU.ActiveCfg = Debug|Any CPU
		{5DDF9776-8A51-4658-9D70-811BC946D619}.Debug|Any CPU.Build.0 = Debug|Any CPU
		{5DDF9776-8A51-4658-9D70-811BC946D619}.Release|Any CPU.ActiveCfg = Release|Any CPU
		{5DDF9776-8A51-4658-9D70-811BC946D619}.Release|Any CPU.Build.0 = Release|Any CPU
	EndGlobalSection
	GlobalSection(SolutionProperties) = preSolution
		HideSolutionNode = FALSE
	EndGlobalSection
	GlobalSection(NestedProjects) = preSolution
		{07726572-362F-49FB-B416-695116BC0FE4} = {9F2EAC30-71C4-4F7C-BDD8-D1E8D1A65BB5}
		{BA510B60-6298-41AA-8B5C-83D3671F5A57} = {760F97BB-4848-4D79-8A71-197678E88999}
		{5DDF9776-8A51-4658-9D70-811BC946D619} = {760F97BB-4848-4D79-8A71-197678E88999}
	EndGlobalSection
EndGlobal
